# This file is autogenerated, do not edit; changes may be undone by the next 'dep ensure'.


[[projects]]
  name = "github.com/go-chi/chi"
  packages = ["."]
  revision = "e83ac2304db3c50cf03d96a2fcd39009d458bc35"
  version = "v3.3.2"

[[projects]]
  branch = "master"
  name = "github.com/vharitonsky/iniflags"
  packages = ["."]
  revision = "e2b4a6da96d46d6660e977fe22eda5ea0f2b35d2"

[solve-meta]
  analyzer-name = "dep"
  analyzer-version = 1
  inputs-digest = "2075009c99f605ae4212ee4ff41a9ea9196d8acc88b9202a5c4e4b923ac4e983"
  solver-name = "gps-cdcl"
  solver-version = 1
